
Microsoft Visual Studio Solution File, Format Version 12.00
# Visual Studio Version 17
VisualStudioVersion = 17.10.34928.147
MinimumVisualStudioVersion = 10.0.40219.1
Project("{FAE04EC0-301F-11D3-BF4B-00C04F79EFBC}") = "Assignment5.1.2", "Assignment5.1.2.csproj", "{C3DAA581-0547-40BE-902E-789A79419168}"
EndProject
Global
	GlobalSection(SolutionConfigurationPlatforms) = preSolution
		Debug|Any CPU = Debug|Any CPU
		Release|Any CPU = Release|Any CPU
	EndGlobalSection
	GlobalSection(ProjectConfigurationPlatforms) = postSolution
		{C3DAA581-0547-40BE-902E-789A79419168}.Debug|Any CPU.ActiveCfg = Debug|Any CPU
		{C3DAA581-0547-40BE-902E-789A79419168}.Debug|Any CPU.Build.0 = Debug|Any CPU
		{C3DAA581-0547-40BE-902E-789A79419168}.Release|Any CPU.ActiveCfg = Release|Any CPU
		{C3DAA581-0547-40BE-902E-789A79419168}.Release|Any CPU.Build.0 = Release|Any CPU
	EndGlobalSection
	GlobalSection(SolutionProperties) = preSolution
		HideSolutionNode = FALSE
	EndGlobalSection
	GlobalSection(ExtensibilityGlobals) = postSolution
		SolutionGuid = {01B3EDE1-BD05-48DA-9748-5D87E242385E}
	EndGlobalSection
EndGlobal
